
Microsoft Visual Studio Solution File, Format Version 12.00
# Visual Studio Version 17
VisualStudioVersion = 17.5.2.0
MinimumVisualStudioVersion = 10.0.40219.1
Project("{FAE04EC0-301F-11D3-BF4B-00C04F79EFBC}") = "PatinaBlazor", "PatinaBlazor\PatinaBlazor.csproj", "{70185B44-266E-56F8-1F84-43564F5D4F9F}"
EndProject
Project("{FAE04EC0-301F-11D3-BF4B-00C04F79EFBC}") = "PatinaBlazor.Tests", "PatinaBlazor.Tests\PatinaBlazor.Tests.csproj", "{5911A706-6237-469D-9152-8892AFD76AA6}"
EndProject
Global
	GlobalSection(SolutionConfigurationPlatforms) = preSolution
		Debug|Any CPU = Debug|Any CPU
		Debug|x64 = Debug|x64
		Debug|x86 = Debug|x86
		Release|Any CPU = Release|Any CPU
		Release|x64 = Release|x64
		Release|x86 = Release|x86
	EndGlobalSection
	GlobalSection(ProjectConfigurationPlatforms) = postSolution
		{70185B44-266E-56F8-1F84-43564F5D4F9F}.Debug|Any CPU.ActiveCfg = Debug|Any CPU
		{70185B44-266E-56F8-1F84-43564F5D4F9F}.Debug|Any CPU.Build.0 = Debug|Any CPU
		{70185B44-266E-56F8-1F84-43564F5D4F9F}.Debug|x64.ActiveCfg = Debug|Any CPU
		{70185B44-266E-56F8-1F84-43564F5D4F9F}.Debug|x64.Build.0 = Debug|Any CPU
		{70185B44-266E-56F8-1F84-43564F5D4F9F}.Debug|x86.ActiveCfg = Debug|Any CPU
		{70185B44-266E-56F8-1F84-43564F5D4F9F}.Debug|x86.Build.0 = Debug|Any CPU
		{70185B44-266E-56F8-1F84-43564F5D4F9F}.Release|Any CPU.ActiveCfg = Release|Any CPU
		{70185B44-266E-56F8-1F84-43564F5D4F9F}.Release|Any CPU.Build.0 = Release|Any CPU
		{70185B44-266E-56F8-1F84-43564F5D4F9F}.Release|x64.ActiveCfg = Release|Any CPU
		{70185B44-266E-56F8-1F84-43564F5D4F9F}.Release|x64.Build.0 = Release|Any CPU
		{70185B44-266E-56F8-1F84-43564F5D4F9F}.Release|x86.ActiveCfg = Release|Any CPU
		{70185B44-266E-56F8-1F84-43564F5D4F9F}.Release|x86.Build.0 = Release|Any CPU
		{5911A706-6237-469D-9152-8892AFD76AA6}.Debug|Any CPU.ActiveCfg = Debug|Any CPU
		{5911A706-6237-469D-9152-8892AFD76AA6}.Debug|Any CPU.Build.0 = Debug|Any CPU
		{5911A706-6237-469D-9152-8892AFD76AA6}.Debug|x64.ActiveCfg = Debug|Any CPU
		{5911A706-6237-469D-9152-8892AFD76AA6}.Debug|x64.Build.0 = Debug|Any CPU
		{5911A706-6237-469D-9152-8892AFD76AA6}.Debug|x86.ActiveCfg = Debug|Any CPU
		{5911A706-6237-469D-9152-8892AFD76AA6}.Debug|x86.Build.0 = Debug|Any CPU
		{5911A706-6237-469D-9152-8892AFD76AA6}.Release|Any CPU.ActiveCfg = Release|Any CPU
		{5911A706-6237-469D-9152-8892AFD76AA6}.Release|Any CPU.Build.0 = Release|Any CPU
		{5911A706-6237-469D-9152-8892AFD76AA6}.Release|x64.ActiveCfg = Release|Any CPU
		{5911A706-6237-469D-9152-8892AFD76AA6}.Release|x64.Build.0 = Release|Any CPU
		{5911A706-6237-469D-9152-8892AFD76AA6}.Release|x86.ActiveCfg = Release|Any CPU
		{5911A706-6237-469D-9152-8892AFD76AA6}.Release|x86.Build.0 = Release|Any CPU
	EndGlobalSection
	GlobalSection(SolutionProperties) = preSolution
		HideSolutionNode = FALSE
	EndGlobalSection
	GlobalSection(ExtensibilityGlobals) = postSolution
		SolutionGuid = {1AC992DD-F9DF-4AA6-9BA9-FE1039C01AB6}
	EndGlobalSection
EndGlobal
